
Microsoft Visual Studio Solution File, Format Version 12.00
# Visual Studio Version 16
VisualStudioVersion = 16.0.33214.272
MinimumVisualStudioVersion = 10.0.40219.1
Project("{FAE04EC0-301F-11D3-BF4B-00C04F79EFBC}") = "CodeHomework_2_1", "CodeHomework_2_1\CodeHomework_2_1.csproj", "{B147AA90-5C02-444B-9805-0B224E27087E}"
EndProject
Global
	GlobalSection(SolutionConfigurationPlatforms) = preSolution
		Debug|Any CPU = Debug|Any CPU
		Release|Any CPU = Release|Any CPU
	EndGlobalSection
	GlobalSection(ProjectConfigurationPlatforms) = postSolution
		{B147AA90-5C02-444B-9805-0B224E27087E}.Debug|Any CPU.ActiveCfg = Debug|Any CPU
		{B147AA90-5C02-444B-9805-0B224E27087E}.Debug|Any CPU.Build.0 = Debug|Any CPU
		{B147AA90-5C02-444B-9805-0B224E27087E}.Release|Any CPU.ActiveCfg = Release|Any CPU
		{B147AA90-5C02-444B-9805-0B224E27087E}.Release|Any CPU.Build.0 = Release|Any CPU
	EndGlobalSection
	GlobalSection(SolutionProperties) = preSolution
		HideSolutionNode = FALSE
	EndGlobalSection
	GlobalSection(ExtensibilityGlobals) = postSolution
		SolutionGuid = {078B959D-DCE9-4D68-980E-D51DE957726F}
	EndGlobalSection
EndGlobal
